// !$*UTF8*$!
{
	archiveVersion = 1;
	classes = {
	};
	objectVersion = 56;
	objects = {

/* Begin PBXBuildFile section */
		7839398A2A8A6E9700071062 /* CircleGroupView.swift in Sources */ = {isa = PBXBuildFile; fileRef = 783939892A8A6E9700071062 /* CircleGroupView.swift */; };
		78B361282A814ABB00A3463D /* RestartApp.swift in Sources */ = {isa = PBXBuildFile; fileRef = 78B361272A814ABB00A3463D /* RestartApp.swift */; };
		78B3612A2A814ABB00A3463D /* ContentView.swift in Sources */ = {isa = PBXBuildFile; fileRef = 78B361292A814ABB00A3463D /* ContentView.swift */; };
		78B3612C2A814ABD00A3463D /* Assets.xcassets in Resources */ = {isa = PBXBuildFile; fileRef = 78B3612B2A814ABD00A3463D /* Assets.xcassets */; };
		78B3612F2A814ABD00A3463D /* Preview Assets.xcassets in Resources */ = {isa = PBXBuildFile; fileRef = 78B3612E2A814ABD00A3463D /* Preview Assets.xcassets */; };
		78B361372A814C1600A3463D /* success.m4a in Resources */ = {isa = PBXBuildFile; fileRef = 78B361352A814C1600A3463D /* success.m4a */; };
		78B361382A814C1600A3463D /* chimeup.mp3 in Resources */ = {isa = PBXBuildFile; fileRef = 78B361362A814C1600A3463D /* chimeup.mp3 */; };
		78B3613F2A816F2F00A3463D /* OnboardingView.swift in Sources */ = {isa = PBXBuildFile; fileRef = 78B3613E2A816F2F00A3463D /* OnboardingView.swift */; };
		78B361412A816F3900A3463D /* HomeView.swift in Sources */ = {isa = PBXBuildFile; fileRef = 78B361402A816F3900A3463D /* HomeView.swift */; };
		78B9A0242A9E180C0053AAEB /* test.strings in Resources */ = {isa = PBXBuildFile; fileRef = 78B9A0232A9E180C0053AAEB /* test.strings */; };
/* End PBXBuildFile section */

/* Begin PBXFileReference section */
		783939892A8A6E9700071062 /* CircleGroupView.swift */ = {isa = PBXFileReference; lastKnownFileType = sourcecode.swift; path = CircleGroupView.swift; sourceTree = "<group>"; };
		78B361242A814ABB00A3463D /* Restart.app */ = {isa = PBXFileReference; explicitFileType = wrapper.application; includeInIndex = 0; path = Restart.app; sourceTree = BUILT_PRODUCTS_DIR; };
		78B361272A814ABB00A3463D /* RestartApp.swift */ = {isa = PBXFileReference; lastKnownFileType = sourcecode.swift; path = RestartApp.swift; sourceTree = "<group>"; };
		78B361292A814ABB00A3463D /* ContentView.swift */ = {isa = PBXFileReference; lastKnownFileType = sourcecode.swift; path = ContentView.swift; sourceTree = "<group>"; };
		78B3612B2A814ABD00A3463D /* Assets.xcassets */ = {isa = PBXFileReference; lastKnownFileType = folder.assetcatalog; path = Assets.xcassets; sourceTree = "<group>"; };
		78B3612E2A814ABD00A3463D /* Preview Assets.xcassets */ = {isa = PBXFileReference; lastKnownFileType = folder.assetcatalog; path = "Preview Assets.xcassets"; sourceTree = "<group>"; };
		78B361352A814C1600A3463D /* success.m4a */ = {isa = PBXFileReference; lastKnownFileType = file; path = success.m4a; sourceTree = "<group>"; };
		78B361362A814C1600A3463D /* chimeup.mp3 */ = {isa = PBXFileReference; lastKnownFileType = audio.mp3; path = chimeup.mp3; sourceTree = "<group>"; };
		78B3613D2A816E9900A3463D /* Info.plist */ = {isa = PBXFileReference; lastKnownFileType = text.plist; path = Info.plist; sourceTree = "<group>"; };
		78B3613E2A816F2F00A3463D /* OnboardingView.swift */ = {isa = PBXFileReference; lastKnownFileType = sourcecode.swift; path = OnboardingView.swift; sourceTree = "<group>"; };
		78B361402A816F3900A3463D /* HomeView.swift */ = {isa = PBXFileReference; lastKnownFileType = sourcecode.swift; path = HomeView.swift; sourceTree = "<group>"; };
		78B9A0232A9E180C0053AAEB /* test.strings */ = {isa = PBXFileReference; lastKnownFileType = text.plist.strings; path = test.strings; sourceTree = "<group>"; };
/* End PBXFileReference section */

/* Begin PBXFrameworksBuildPhase section */
		78B361212A814ABB00A3463D /* Frameworks */ = {
			isa = PBXFrameworksBuildPhase;
			buildActionMask = 2147483647;
			files = (
			);
			runOnlyForDeploymentPostprocessing = 0;
		};
/* End PBXFrameworksBuildPhase section */

/* Begin PBXGroup section */
		78B3611B2A814ABB00A3463D = {
			isa = PBXGroup;
			children = (
				78B361262A814ABB00A3463D /* Restart */,
				78B361252A814ABB00A3463D /* Products */,
			);
			sourceTree = "<group>";
		};
		78B361252A814ABB00A3463D /* Products */ = {
			isa = PBXGroup;
			children = (
				78B361242A814ABB00A3463D /* Restart.app */,
			);
			name = Products;
			sourceTree = "<group>";
		};
		78B361262A814ABB00A3463D /* Restart */ = {
			isa = PBXGroup;
			children = (
				78B3613D2A816E9900A3463D /* Info.plist */,
				78B3613C2A816BC600A3463D /* Utilities */,
				78B3613B2A81693800A3463D /* Views */,
				78B361392A814C2200A3463D /* Sounds */,
				78B361272A814ABB00A3463D /* RestartApp.swift */,
				78B3613A2A81691800A3463D /* Screens */,
				78B3612B2A814ABD00A3463D /* Assets.xcassets */,
				78B3612D2A814ABD00A3463D /* Preview Content */,
				78B9A0232A9E180C0053AAEB /* test.strings */,
			);
			path = Restart;
			sourceTree = "<group>";
		};
		78B3612D2A814ABD00A3463D /* Preview Content */ = {
			isa = PBXGroup;
			children = (
				78B3612E2A814ABD00A3463D /* Preview Assets.xcassets */,
			);
			path = "Preview Content";
			sourceTree = "<group>";
		};
		78B361392A814C2200A3463D /* Sounds */ = {
			isa = PBXGroup;
			children = (
				78B361352A814C1600A3463D /* success.m4a */,
				78B361362A814C1600A3463D /* chimeup.mp3 */,
			);
			path = Sounds;
			sourceTree = "<group>";
		};
		78B3613A2A81691800A3463D /* Screens */ = {
			isa = PBXGroup;
			children = (
				78B361292A814ABB00A3463D /* ContentView.swift */,
				78B3613E2A816F2F00A3463D /* OnboardingView.swift */,
				78B361402A816F3900A3463D /* HomeView.swift */,
			);
			path = Screens;
			sourceTree = "<group>";
		};
		78B3613B2A81693800A3463D /* Views */ = {
			isa = PBXGroup;
			children = (
				783939892A8A6E9700071062 /* CircleGroupView.swift */,
			);
			path = Views;
			sourceTree = "<group>";
		};
		78B3613C2A816BC600A3463D /* Utilities */ = {
			isa = PBXGroup;
			children = (
			);
			path = Utilities;
			sourceTree = "<group>";
		};
/* End PBXGroup section */

/* Begin PBXNativeTarget section */
		78B361232A814ABB00A3463D /* Restart */ = {
			isa = PBXNativeTarget;
			buildConfigurationList = 78B361322A814ABD00A3463D /* Build configuration list for PBXNativeTarget "Restart" */;
			buildPhases = (
				78B361202A814ABB00A3463D /* Sources */,
				78B361212A814ABB00A3463D /* Frameworks */,
				78B361222A814ABB00A3463D /* Resources */,
			);
			buildRules = (
			);
			dependencies = (
			);
			name = Restart;
			productName = Restart;
			productReference = 78B361242A814ABB00A3463D /* Restart.app */;
			productType = "com.apple.product-type.application";
		};
/* End PBXNativeTarget section */

/* Begin PBXProject section */
		78B3611C2A814ABB00A3463D /* Project object */ = {
			isa = PBXProject;
			attributes = {
				BuildIndependentTargetsInParallel = 1;
				LastSwiftUpdateCheck = 1410;
				LastUpgradeCheck = 1410;
				TargetAttributes = {
					78B361232A814ABB00A3463D = {
						CreatedOnToolsVersion = 14.1;
					};
				};
			};
			buildConfigurationList = 78B3611F2A814ABB00A3463D /* Build configuration list for PBXProject "Restart" */;
			compatibilityVersion = "Xcode 14.0";
			developmentRegion = en;
			hasScannedForEncodings = 0;
			knownRegions = (
				en,
				Base,
			);
			mainGroup = 78B3611B2A814ABB00A3463D;
			productRefGroup = 78B361252A814ABB00A3463D /* Products */;
			projectDirPath = "";
			projectRoot = "";
			targets = (
				78B361232A814ABB00A3463D /* Restart */,
			);
		};
/* End PBXProject section */

/* Begin PBXResourcesBuildPhase section */
		78B361222A814ABB00A3463D /* Resources */ = {
			isa = PBXResourcesBuildPhase;
			buildActionMask = 2147483647;
			files = (
				78B361382A814C1600A3463D /* chimeup.mp3 in Resources */,
				78B3612F2A814ABD00A3463D /* Preview Assets.xcassets in Resources */,
				78B361372A814C1600A3463D /* success.m4a in Resources */,
				78B3612C2A814ABD00A3463D /* Assets.xcassets in Resources */,
				78B9A0242A9E180C0053AAEB /* test.strings in Resources */,
			);
			runOnlyForDeploymentPostprocessing = 0;
		};
/* End PBXResourcesBuildPhase section */

/* Begin PBXSourcesBuildPhase section */
		78B361202A814ABB00A3463D /* Sources */ = {
			isa = PBXSourcesBuildPhase;
			buildActionMask = 2147483647;
			files = (
				7839398A2A8A6E9700071062 /* CircleGroupView.swift in Sources */,
				78B3613F2A816F2F00A3463D /* OnboardingView.swift in Sources */,
				78B361412A816F3900A3463D /* HomeView.swift in Sources */,
				78B3612A2A814ABB00A3463D /* ContentView.swift in Sources */,
				78B361282A814ABB00A3463D /* RestartApp.swift in Sources */,
			);
			runOnlyForDeploymentPostprocessing = 0;
		};
/* End PBXSourcesBuildPhase section */

/* Begin XCBuildConfiguration section */
		78B361302A814ABD00A3463D /* Debug */ = {
			isa = XCBuildConfiguration;
			buildSettings = {
				ALWAYS_SEARCH_USER_PATHS = NO;
				CLANG_ANALYZER_NONNULL = YES;
				CLANG_ANALYZER_NUMBER_OBJECT_CONVERSION = YES_AGGRESSIVE;
				CLANG_CXX_LANGUAGE_STANDARD = "gnu++20";
				CLANG_ENABLE_MODULES = YES;
				CLANG_ENABLE_OBJC_ARC = YES;
				CLANG_ENABLE_OBJC_WEAK = YES;
				CLANG_WARN_BLOCK_CAPTURE_AUTORELEASING = YES;
				CLANG_WARN_BOOL_CONVERSION = YES;
				CLANG_WARN_COMMA = YES;
				CLANG_WARN_CONSTANT_CONVERSION = YES;
				CLANG_WARN_DEPRECATED_OBJC_IMPLEMENTATIONS = YES;
				CLANG_WARN_DIRECT_OBJC_ISA_USAGE = YES_ERROR;
				CLANG_WARN_DOCUMENTATION_COMMENTS = YES;
				CLANG_WARN_EMPTY_BODY = YES;
				CLANG_WARN_ENUM_CONVERSION = YES;
				CLANG_WARN_INFINITE_RECURSION = YES;
				CLANG_WARN_INT_CONVERSION = YES;
				CLANG_WARN_NON_LITERAL_NULL_CONVERSION = YES;
				CLANG_WARN_OBJC_IMPLICIT_RETAIN_SELF = YES;
				CLANG_WARN_OBJC_LITERAL_CONVERSION = YES;
				CLANG_WARN_OBJC_ROOT_CLASS = YES_ERROR;
				CLANG_WARN_QUOTED_INCLUDE_IN_FRAMEWORK_HEADER = YES;
				CLANG_WARN_RANGE_LOOP_ANALYSIS = YES;
				CLANG_WARN_STRICT_PROTOTYPES = YES;
				CLANG_WARN_SUSPICIOUS_MOVE = YES;
				CLANG_WARN_UNGUARDED_AVAILABILITY = YES_AGGRESSIVE;
				CLANG_WARN_UNREACHABLE_CODE = YES;
				CLANG_WARN__DUPLICATE_METHOD_MATCH = YES;
				COPY_PHASE_STRIP = NO;
				DEBUG_INFORMATION_FORMAT = dwarf;
				ENABLE_STRICT_OBJC_MSGSEND = YES;
				ENABLE_TESTABILITY = YES;
				GCC_C_LANGUAGE_STANDARD = gnu11;
				GCC_DYNAMIC_NO_PIC = NO;
				GCC_NO_COMMON_BLOCKS = YES;
				GCC_OPTIMIZATION_LEVEL = 0;
				GCC_PREPROCESSOR_DEFINITIONS = (
					"DEBUG=1",
					"$(inherited)",
				);
				GCC_WARN_64_TO_32_BIT_CONVERSION = YES;
				GCC_WARN_ABOUT_RETURN_TYPE = YES_ERROR;
				GCC_WARN_UNDECLARED_SELECTOR = YES;
				GCC_WARN_UNINITIALIZED_AUTOS = YES_AGGRESSIVE;
				GCC_WARN_UNUSED_FUNCTION = YES;
				GCC_WARN_UNUSED_VARIABLE = YES;
				IPHONEOS_DEPLOYMENT_TARGET = 15.0;
				MTL_ENABLE_DEBUG_INFO = INCLUDE_SOURCE;
				MTL_FAST_MATH = YES;
				ONLY_ACTIVE_ARCH = YES;
				SDKROOT = iphoneos;
				SWIFT_ACTIVE_COMPILATION_CONDITIONS = DEBUG;
				SWIFT_OPTIMIZATION_LEVEL = "-Onone";
			};
			name = Debug;
		};
		78B361312A814ABD00A3463D /* Release */ = {
			isa = XCBuildConfiguration;
			buildSettings = {
				ALWAYS_SEARCH_USER_PATHS = NO;
				CLANG_ANALYZER_NONNULL = YES;
				CLANG_ANALYZER_NUMBER_OBJECT_CONVERSION = YES_AGGRESSIVE;
				CLANG_CXX_LANGUAGE_STANDARD = "gnu++20";
				CLANG_ENABLE_MODULES = YES;
				CLANG_ENABLE_OBJC_ARC = YES;
				CLANG_ENABLE_OBJC_WEAK = YES;
				CLANG_WARN_BLOCK_CAPTURE_AUTORELEASING = YES;
				CLANG_WARN_BOOL_CONVERSION = YES;
				CLANG_WARN_COMMA = YES;
				CLANG_WARN_CONSTANT_CONVERSION = YES;
				CLANG_WARN_DEPRECATED_OBJC_IMPLEMENTATIONS = YES;
				CLANG_WARN_DIRECT_OBJC_ISA_USAGE = YES_ERROR;
				CLANG_WARN_DOCUMENTATION_COMMENTS = YES;
				CLANG_WARN_EMPTY_BODY = YES;
				CLANG_WARN_ENUM_CONVERSION = YES;
				CLANG_WARN_INFINITE_RECURSION = YES;
				CLANG_WARN_INT_CONVERSION = YES;
				CLANG_WARN_NON_LITERAL_NULL_CONVERSION = YES;
				CLANG_WARN_OBJC_IMPLICIT_RETAIN_SELF = YES;
				CLANG_WARN_OBJC_LITERAL_CONVERSION = YES;
				CLANG_WARN_OBJC_ROOT_CLASS = YES_ERROR;
				CLANG_WARN_QUOTED_INCLUDE_IN_FRAMEWORK_HEADER = YES;
				CLANG_WARN_RANGE_LOOP_ANALYSIS = YES;
				CLANG_WARN_STRICT_PROTOTYPES = YES;
				CLANG_WARN_SUSPICIOUS_MOVE = YES;
				CLANG_WARN_UNGUARDED_AVAILABILITY = YES_AGGRESSIVE;
				CLANG_WARN_UNREACHABLE_CODE = YES;
				CLANG_WARN__DUPLICATE_METHOD_MATCH = YES;
				COPY_PHASE_STRIP = NO;
				DEBUG_INFORMATION_FORMAT = "dwarf-with-dsym";
				ENABLE_NS_ASSERTIONS = NO;
				ENABLE_STRICT_OBJC_MSGSEND = YES;
				GCC_C_LANGUAGE_STANDARD = gnu11;
				GCC_NO_COMMON_BLOCKS = YES;
				GCC_WARN_64_TO_32_BIT_CONVERSION = YES;
				GCC_WARN_ABOUT_RETURN_TYPE = YES_ERROR;
				GCC_WARN_UNDECLARED_SELECTOR = YES;
				GCC_WARN_UNINITIALIZED_AUTOS = YES_AGGRESSIVE;
				GCC_WARN_UNUSED_FUNCTION = YES;
				GCC_WARN_UNUSED_VARIABLE = YES;
				IPHONEOS_DEPLOYMENT_TARGET = 15.0;
				MTL_ENABLE_DEBUG_INFO = NO;
				MTL_FAST_MATH = YES;
				SDKROOT = iphoneos;
				SWIFT_COMPILATION_MODE = wholemodule;
				SWIFT_OPTIMIZATION_LEVEL = "-O";
				VALIDATE_PRODUCT = YES;
			};
			name = Release;
		};
		78B361332A814ABD00A3463D /* Debug */ = {
			isa = XCBuildConfiguration;
			buildSettings = {
				ASSETCATALOG_COMPILER_APPICON_NAME = AppIcon;
				ASSETCATALOG_COMPILER_GLOBAL_ACCENT_COLOR_NAME = AccentColor;
				CODE_SIGN_STYLE = Automatic;
				CURRENT_PROJECT_VERSION = 1;
				DEVELOPMENT_ASSET_PATHS = "\"Restart/Preview Content\"";
				DEVELOPMENT_TEAM = FHCP255XQM;
				ENABLE_PREVIEWS = YES;
				GENERATE_INFOPLIST_FILE = YES;
				INFOPLIST_FILE = Restart/Info.plist;
				INFOPLIST_KEY_UIApplicationSceneManifest_Generation = YES;
				INFOPLIST_KEY_UIApplicationSupportsIndirectInputEvents = YES;
				INFOPLIST_KEY_UISupportedInterfaceOrientations_iPad = "UIInterfaceOrientationPortrait UIInterfaceOrientationPortraitUpsideDown UIInterfaceOrientationLandscapeLeft UIInterfaceOrientationLandscapeRight";
				INFOPLIST_KEY_UISupportedInterfaceOrientations_iPhone = UIInterfaceOrientationPortrait;
				LD_RUNPATH_SEARCH_PATHS = (
					"$(inherited)",
					"@executable_path/Frameworks",
				);
				MARKETING_VERSION = 1.0;
				PRODUCT_BUNDLE_IDENTIFIER = com.eduardo.Restart.Restart;
				PRODUCT_NAME = "$(TARGET_NAME)";
				SWIFT_EMIT_LOC_STRINGS = YES;
				SWIFT_VERSION = 5.0;
				TARGETED_DEVICE_FAMILY = "1,2";
			};
			name = Debug;
		};
		78B361342A814ABD00A3463D /* Release */ = {
			isa = XCBuildConfiguration;
			buildSettings = {
				ASSETCATALOG_COMPILER_APPICON_NAME = AppIcon;
				ASSETCATALOG_COMPILER_GLOBAL_ACCENT_COLOR_NAME = AccentColor;
				CODE_SIGN_STYLE = Automatic;
				CURRENT_PROJECT_VERSION = 1;
				DEVELOPMENT_ASSET_PATHS = "\"Restart/Preview Content\"";
				DEVELOPMENT_TEAM = FHCP255XQM;
				ENABLE_PREVIEWS = YES;
				GENERATE_INFOPLIST_FILE = YES;
				INFOPLIST_FILE = Restart/Info.plist;
				INFOPLIST_KEY_UIApplicationSceneManifest_Generation = YES;
				INFOPLIST_KEY_UIApplicationSupportsIndirectInputEvents = YES;
				INFOPLIST_KEY_UISupportedInterfaceOrientations_iPad = "UIInterfaceOrientationPortrait UIInterfaceOrientationPortraitUpsideDown UIInterfaceOrientationLandscapeLeft UIInterfaceOrientationLandscapeRight";
				INFOPLIST_KEY_UISupportedInterfaceOrientations_iPhone = UIInterfaceOrientationPortrait;
				LD_RUNPATH_SEARCH_PATHS = (
					"$(inherited)",
					"@executable_path/Frameworks",
				);
				MARKETING_VERSION = 1.0;
				PRODUCT_BUNDLE_IDENTIFIER = com.eduardo.Restart.Restart;
				PRODUCT_NAME = "$(TARGET_NAME)";
				SWIFT_EMIT_LOC_STRINGS = YES;
				SWIFT_VERSION = 5.0;
				TARGETED_DEVICE_FAMILY = "1,2";
			};
			name = Release;
		};
/* End XCBuildConfiguration section */

/* Begin XCConfigurationList section */
		78B3611F2A814ABB00A3463D /* Build configuration list for PBXProject "Restart" */ = {
			isa = XCConfigurationList;
			buildConfigurations = (
				78B361302A814ABD00A3463D /* Debug */,
				78B361312A814ABD00A3463D /* Release */,
			);
			defaultConfigurationIsVisible = 0;
			defaultConfigurationName = Release;
		};
		78B361322A814ABD00A3463D /* Build configuration list for PBXNativeTarget "Restart" */ = {
			isa = XCConfigurationList;
			buildConfigurations = (
				78B361332A814ABD00A3463D /* Debug */,
				78B361342A814ABD00A3463D /* Release */,
			);
			defaultConfigurationIsVisible = 0;
			defaultConfigurationName = Release;
		};
/* End XCConfigurationList section */
	};
	rootObject = 78B3611C2A814ABB00A3463D /* Project object */;
}
